// !$*UTF8*$!
{
	archiveVersion = 1;
	classes = {
	};
	objectVersion = 46;
	objects = {

/* Begin PBXBuildFile section */
		0A090EAE1862D5CF006D69D2 /* MockStackOverflowManagerDelegate.m in Sources */ = {isa = PBXBuildFile; fileRef = 0A090EAD1862D5CF006D69D2 /* MockStackOverflowManagerDelegate.m */; };
		0A090EB11862D62F006D69D2 /* MockCommunicator.m in Sources */ = {isa = PBXBuildFile; fileRef = 0A090EB01862D62F006D69D2 /* MockCommunicator.m */; };
		0A090EB41862DF91006D69D2 /* AnswerBuilderTests.m in Sources */ = {isa = PBXBuildFile; fileRef = 0A090EB31862DF91006D69D2 /* AnswerBuilderTests.m */; };
		0A0965871849C286000F4635 /* StackOverflowCommunicator.m in Sources */ = {isa = PBXBuildFile; fileRef = 0A0965861849C286000F4635 /* StackOverflowCommunicator.m */; };
		0A0965881849C286000F4635 /* StackOverflowCommunicator.m in Sources */ = {isa = PBXBuildFile; fileRef = 0A0965861849C286000F4635 /* StackOverflowCommunicator.m */; };
		0A09658B184AB481000F4635 /* QuestionBuilder.m in Sources */ = {isa = PBXBuildFile; fileRef = 0A09658A184AB481000F4635 /* QuestionBuilder.m */; };
		0A09658C184AB481000F4635 /* QuestionBuilder.m in Sources */ = {isa = PBXBuildFile; fileRef = 0A09658A184AB481000F4635 /* QuestionBuilder.m */; };
		0A09658F184AB4E1000F4635 /* FakeQuestionBuilder.m in Sources */ = {isa = PBXBuildFile; fileRef = 0A09658E184AB4E1000F4635 /* FakeQuestionBuilder.m */; };
		0A135129186F62D700D64451 /* NonNetworkedStackOverflowCommunicator.m in Sources */ = {isa = PBXBuildFile; fileRef = 0A135128186F62D700D64451 /* NonNetworkedStackOverflowCommunicator.m */; };
		0A13512C186F66C000D64451 /* MockStackOverflowManager.m in Sources */ = {isa = PBXBuildFile; fileRef = 0A13512B186F66C000D64451 /* MockStackOverflowManager.m */; };
		0A13512F186F74BE00D64451 /* FakeURLResponse.m in Sources */ = {isa = PBXBuildFile; fileRef = 0A13512E186F74BE00D64451 /* FakeURLResponse.m */; };
		0A1351321871577400D64451 /* BrowseOverflowViewControllerTests.m in Sources */ = {isa = PBXBuildFile; fileRef = 0A1351311871577400D64451 /* BrowseOverflowViewControllerTests.m */; };
		0A135136187157A300D64451 /* BrowseOverflowViewController.m in Sources */ = {isa = PBXBuildFile; fileRef = 0A135134187157A300D64451 /* BrowseOverflowViewController.m */; };
		0A135137187157A300D64451 /* BrowseOverflowViewController.xib in Resources */ = {isa = PBXBuildFile; fileRef = 0A135135187157A300D64451 /* BrowseOverflowViewController.xib */; };
		0A2D35F1186AAFDE008616D0 /* StackOverflowCommunicatorTests.m in Sources */ = {isa = PBXBuildFile; fileRef = 0A2D35F0186AAFDE008616D0 /* StackOverflowCommunicatorTests.m */; };
		0A2D35F4186ABC07008616D0 /* InspectableStackOverflowCommunicator.m in Sources */ = {isa = PBXBuildFile; fileRef = 0A2D35F3186ABC07008616D0 /* InspectableStackOverflowCommunicator.m */; };
		0A41219F185D94C100E51C40 /* AnswerBuilder.m in Sources */ = {isa = PBXBuildFile; fileRef = 0A41219E185D94C100E51C40 /* AnswerBuilder.m */; };
		0A4121A2185D94D800E51C40 /* PersonBuilder.m in Sources */ = {isa = PBXBuildFile; fileRef = 0A4121A1185D94D800E51C40 /* PersonBuilder.m */; };
		0A4121A4185D956200E51C40 /* AnswerCreationWorkflowTests.m in Sources */ = {isa = PBXBuildFile; fileRef = 0A4121A3185D956200E51C40 /* AnswerCreationWorkflowTests.m */; };
		0A47E67918393E9C004C14F9 /* AnswerTests.m in Sources */ = {isa = PBXBuildFile; fileRef = 0A47E67818393E9C004C14F9 /* AnswerTests.m */; };
		0A47E67C18393F39004C14F9 /* Answer.m in Sources */ = {isa = PBXBuildFile; fileRef = 0A47E67B18393F39004C14F9 /* Answer.m */; };
		0A47E67D18393F39004C14F9 /* Answer.m in Sources */ = {isa = PBXBuildFile; fileRef = 0A47E67B18393F39004C14F9 /* Answer.m */; };
		0A5A643F18352924005F7C8F /* Foundation.framework in Frameworks */ = {isa = PBXBuildFile; fileRef = 0A5A643E18352924005F7C8F /* Foundation.framework */; };
		0A5A644118352924005F7C8F /* CoreGraphics.framework in Frameworks */ = {isa = PBXBuildFile; fileRef = 0A5A644018352924005F7C8F /* CoreGraphics.framework */; };
		0A5A644318352924005F7C8F /* UIKit.framework in Frameworks */ = {isa = PBXBuildFile; fileRef = 0A5A644218352924005F7C8F /* UIKit.framework */; };
		0A5A644918352924005F7C8F /* InfoPlist.strings in Resources */ = {isa = PBXBuildFile; fileRef = 0A5A644718352924005F7C8F /* InfoPlist.strings */; };
		0A5A644B18352924005F7C8F /* main.m in Sources */ = {isa = PBXBuildFile; fileRef = 0A5A644A18352924005F7C8F /* main.m */; };
		0A5A644F18352924005F7C8F /* AppDelegate.m in Sources */ = {isa = PBXBuildFile; fileRef = 0A5A644E18352924005F7C8F /* AppDelegate.m */; };
		0A5A645218352924005F7C8F /* Main.storyboard in Resources */ = {isa = PBXBuildFile; fileRef = 0A5A645018352924005F7C8F /* Main.storyboard */; };
		0A5A645518352924005F7C8F /* MasterViewController.m in Sources */ = {isa = PBXBuildFile; fileRef = 0A5A645418352924005F7C8F /* MasterViewController.m */; };
		0A5A645818352924005F7C8F /* DetailViewController.m in Sources */ = {isa = PBXBuildFile; fileRef = 0A5A645718352924005F7C8F /* DetailViewController.m */; };
		0A5A645A18352924005F7C8F /* Images.xcassets in Resources */ = {isa = PBXBuildFile; fileRef = 0A5A645918352924005F7C8F /* Images.xcassets */; };
		0A5A646118352924005F7C8F /* XCTest.framework in Frameworks */ = {isa = PBXBuildFile; fileRef = 0A5A646018352924005F7C8F /* XCTest.framework */; };
		0A5A646218352924005F7C8F /* Foundation.framework in Frameworks */ = {isa = PBXBuildFile; fileRef = 0A5A643E18352924005F7C8F /* Foundation.framework */; };
		0A5A646318352924005F7C8F /* UIKit.framework in Frameworks */ = {isa = PBXBuildFile; fileRef = 0A5A644218352924005F7C8F /* UIKit.framework */; };
		0A5A646B18352924005F7C8F /* InfoPlist.strings in Resources */ = {isa = PBXBuildFile; fileRef = 0A5A646918352924005F7C8F /* InfoPlist.strings */; };
		0A5A647718355266005F7C8F /* TopicTests.m in Sources */ = {isa = PBXBuildFile; fileRef = 0A5A647618355266005F7C8F /* TopicTests.m */; };
		0A5A647A183552DF005F7C8F /* Topic.m in Sources */ = {isa = PBXBuildFile; fileRef = 0A5A6479183552DF005F7C8F /* Topic.m */; };
		0A5A647B183552DF005F7C8F /* Topic.m in Sources */ = {isa = PBXBuildFile; fileRef = 0A5A6479183552DF005F7C8F /* Topic.m */; };
		0A5A647D18355994005F7C8F /* QuestionTests.m in Sources */ = {isa = PBXBuildFile; fileRef = 0A5A647C18355994005F7C8F /* QuestionTests.m */; };
		0A5A648018355A01005F7C8F /* Question.m in Sources */ = {isa = PBXBuildFile; fileRef = 0A5A647F18355A01005F7C8F /* Question.m */; };
		0A5A648118355A01005F7C8F /* Question.m in Sources */ = {isa = PBXBuildFile; fileRef = 0A5A647F18355A01005F7C8F /* Question.m */; };
		0A5A648318356149005F7C8F /* PersonTests.m in Sources */ = {isa = PBXBuildFile; fileRef = 0A5A648218356149005F7C8F /* PersonTests.m */; };
		0A5A648618356262005F7C8F /* Person.m in Sources */ = {isa = PBXBuildFile; fileRef = 0A5A648518356262005F7C8F /* Person.m */; };
		0A5A648718356262005F7C8F /* Person.m in Sources */ = {isa = PBXBuildFile; fileRef = 0A5A648518356262005F7C8F /* Person.m */; };
		0A7E7F4B1877ECDD00C37BDA /* EmptyTableViewDataSource.m in Sources */ = {isa = PBXBuildFile; fileRef = 0A7E7F4A1877ECDD00C37BDA /* EmptyTableViewDataSource.m */; };
		0A7E7F4E1877ED4E00C37BDA /* EmptyTableViewDelegate.m in Sources */ = {isa = PBXBuildFile; fileRef = 0A7E7F4D1877ED4E00C37BDA /* EmptyTableViewDelegate.m */; };
		0AAD0B90183DD162000D6EFE /* QuestionCreationWorkflowTests.m in Sources */ = {isa = PBXBuildFile; fileRef = 0AAD0B8F183DD162000D6EFE /* QuestionCreationWorkflowTests.m */; };
		0AAD0B93183DD1CD000D6EFE /* StackOverflowManager.m in Sources */ = {isa = PBXBuildFile; fileRef = 0AAD0B92183DD1CD000D6EFE /* StackOverflowManager.m */; };
		0AAD0B94183DD1CD000D6EFE /* StackOverflowManager.m in Sources */ = {isa = PBXBuildFile; fileRef = 0AAD0B92183DD1CD000D6EFE /* StackOverflowManager.m */; };
		0AF4014E18540E14004DAE68 /* QuestionBuilderTests.m in Sources */ = {isa = PBXBuildFile; fileRef = 0AF4014D18540E14004DAE68 /* QuestionBuilderTests.m */; };
		0AF8548918668D4C006DB573 /* FakeAnswerBuilder.m in Sources */ = {isa = PBXBuildFile; fileRef = 0AF8548818668D4C006DB573 /* FakeAnswerBuilder.m */; };
/* End PBXBuildFile section */

/* Begin PBXContainerItemProxy section */
		0A5A646418352924005F7C8F /* PBXContainerItemProxy */ = {
			isa = PBXContainerItemProxy;
			containerPortal = 0A5A643318352924005F7C8F /* Project object */;
			proxyType = 1;
			remoteGlobalIDString = 0A5A643A18352924005F7C8F;
			remoteInfo = BrowseOverflow;
		};
/* End PBXContainerItemProxy section */

/* Begin PBXFileReference section */
		0A090EAC1862D5CF006D69D2 /* MockStackOverflowManagerDelegate.h */ = {isa = PBXFileReference; fileEncoding = 4; lastKnownFileType = sourcecode.c.h; path = MockStackOverflowManagerDelegate.h; sourceTree = "<group>"; };
		0A090EAD1862D5CF006D69D2 /* MockStackOverflowManagerDelegate.m */ = {isa = PBXFileReference; fileEncoding = 4; lastKnownFileType = sourcecode.c.objc; path = MockStackOverflowManagerDelegate.m; sourceTree = "<group>"; };
		0A090EAF1862D62F006D69D2 /* MockCommunicator.h */ = {isa = PBXFileReference; fileEncoding = 4; lastKnownFileType = sourcecode.c.h; path = MockCommunicator.h; sourceTree = "<group>"; };
		0A090EB01862D62F006D69D2 /* MockCommunicator.m */ = {isa = PBXFileReference; fileEncoding = 4; lastKnownFileType = sourcecode.c.objc; path = MockCommunicator.m; sourceTree = "<group>"; };
		0A090EB21862D93C006D69D2 /* StackOverflowManagerDelegate.h */ = {isa = PBXFileReference; lastKnownFileType = sourcecode.c.h; path = StackOverflowManagerDelegate.h; sourceTree = "<group>"; };
		0A090EB31862DF91006D69D2 /* AnswerBuilderTests.m */ = {isa = PBXFileReference; fileEncoding = 4; lastKnownFileType = sourcecode.c.objc; path = AnswerBuilderTests.m; sourceTree = "<group>"; };
		0A0965851849C286000F4635 /* StackOverflowCommunicator.h */ = {isa = PBXFileReference; fileEncoding = 4; lastKnownFileType = sourcecode.c.h; path = StackOverflowCommunicator.h; sourceTree = "<group>"; };
		0A0965861849C286000F4635 /* StackOverflowCommunicator.m */ = {isa = PBXFileReference; fileEncoding = 4; lastKnownFileType = sourcecode.c.objc; path = StackOverflowCommunicator.m; sourceTree = "<group>"; };
		0A096589184AB481000F4635 /* QuestionBuilder.h */ = {isa = PBXFileReference; fileEncoding = 4; lastKnownFileType = sourcecode.c.h; path = QuestionBuilder.h; sourceTree = "<group>"; };
		0A09658A184AB481000F4635 /* QuestionBuilder.m */ = {isa = PBXFileReference; fileEncoding = 4; lastKnownFileType = sourcecode.c.objc; path = QuestionBuilder.m; sourceTree = "<group>"; };
		0A09658D184AB4E1000F4635 /* FakeQuestionBuilder.h */ = {isa = PBXFileReference; fileEncoding = 4; lastKnownFileType = sourcecode.c.h; path = FakeQuestionBuilder.h; sourceTree = "<group>"; };
		0A09658E184AB4E1000F4635 /* FakeQuestionBuilder.m */ = {isa = PBXFileReference; fileEncoding = 4; lastKnownFileType = sourcecode.c.objc; path = FakeQuestionBuilder.m; sourceTree = "<group>"; };
		0A135127186F62D700D64451 /* NonNetworkedStackOverflowCommunicator.h */ = {isa = PBXFileReference; fileEncoding = 4; lastKnownFileType = sourcecode.c.h; path = NonNetworkedStackOverflowCommunicator.h; sourceTree = "<group>"; };
		0A135128186F62D700D64451 /* NonNetworkedStackOverflowCommunicator.m */ = {isa = PBXFileReference; fileEncoding = 4; lastKnownFileType = sourcecode.c.objc; path = NonNetworkedStackOverflowCommunicator.m; sourceTree = "<group>"; };
		0A13512A186F66C000D64451 /* MockStackOverflowManager.h */ = {isa = PBXFileReference; fileEncoding = 4; lastKnownFileType = sourcecode.c.h; path = MockStackOverflowManager.h; sourceTree = "<group>"; };
		0A13512B186F66C000D64451 /* MockStackOverflowManager.m */ = {isa = PBXFileReference; fileEncoding = 4; lastKnownFileType = sourcecode.c.objc; path = MockStackOverflowManager.m; sourceTree = "<group>"; };
		0A13512D186F74BE00D64451 /* FakeURLResponse.h */ = {isa = PBXFileReference; fileEncoding = 4; lastKnownFileType = sourcecode.c.h; path = FakeURLResponse.h; sourceTree = "<group>"; };
		0A13512E186F74BE00D64451 /* FakeURLResponse.m */ = {isa = PBXFileReference; fileEncoding = 4; lastKnownFileType = sourcecode.c.objc; path = FakeURLResponse.m; sourceTree = "<group>"; };
		0A135130186F823100D64451 /* StackOverflowCommunicatorDelegate.h */ = {isa = PBXFileReference; lastKnownFileType = sourcecode.c.h; path = StackOverflowCommunicatorDelegate.h; sourceTree = "<group>"; };
		0A1351311871577400D64451 /* BrowseOverflowViewControllerTests.m */ = {isa = PBXFileReference; fileEncoding = 4; lastKnownFileType = sourcecode.c.objc; path = BrowseOverflowViewControllerTests.m; sourceTree = "<group>"; };
		0A135133187157A300D64451 /* BrowseOverflowViewController.h */ = {isa = PBXFileReference; fileEncoding = 4; lastKnownFileType = sourcecode.c.h; path = BrowseOverflowViewController.h; sourceTree = "<group>"; };
		0A135134187157A300D64451 /* BrowseOverflowViewController.m */ = {isa = PBXFileReference; fileEncoding = 4; lastKnownFileType = sourcecode.c.objc; path = BrowseOverflowViewController.m; sourceTree = "<group>"; };
		0A135135187157A300D64451 /* BrowseOverflowViewController.xib */ = {isa = PBXFileReference; fileEncoding = 4; lastKnownFileType = file.xib; path = BrowseOverflowViewController.xib; sourceTree = "<group>"; };
		0A2D35F0186AAFDE008616D0 /* StackOverflowCommunicatorTests.m */ = {isa = PBXFileReference; fileEncoding = 4; lastKnownFileType = sourcecode.c.objc; path = StackOverflowCommunicatorTests.m; sourceTree = "<group>"; };
		0A2D35F2186ABC07008616D0 /* InspectableStackOverflowCommunicator.h */ = {isa = PBXFileReference; fileEncoding = 4; lastKnownFileType = sourcecode.c.h; name = InspectableStackOverflowCommunicator.h; path = ../BrowseOverflow/InspectableStackOverflowCommunicator.h; sourceTree = "<group>"; };
		0A2D35F3186ABC07008616D0 /* InspectableStackOverflowCommunicator.m */ = {isa = PBXFileReference; fileEncoding = 4; lastKnownFileType = sourcecode.c.objc; name = InspectableStackOverflowCommunicator.m; path = ../BrowseOverflow/InspectableStackOverflowCommunicator.m; sourceTree = "<group>"; };
		0A41219D185D94C100E51C40 /* AnswerBuilder.h */ = {isa = PBXFileReference; fileEncoding = 4; lastKnownFileType = sourcecode.c.h; path = AnswerBuilder.h; sourceTree = "<group>"; };
		0A41219E185D94C100E51C40 /* AnswerBuilder.m */ = {isa = PBXFileReference; fileEncoding = 4; lastKnownFileType = sourcecode.c.objc; path = AnswerBuilder.m; sourceTree = "<group>"; };
		0A4121A0185D94D800E51C40 /* PersonBuilder.h */ = {isa = PBXFileReference; fileEncoding = 4; lastKnownFileType = sourcecode.c.h; path = PersonBuilder.h; sourceTree = "<group>"; };
		0A4121A1185D94D800E51C40 /* PersonBuilder.m */ = {isa = PBXFileReference; fileEncoding = 4; lastKnownFileType = sourcecode.c.objc; path = PersonBuilder.m; sourceTree = "<group>"; };
		0A4121A3185D956200E51C40 /* AnswerCreationWorkflowTests.m */ = {isa = PBXFileReference; fileEncoding = 4; lastKnownFileType = sourcecode.c.objc; path = AnswerCreationWorkflowTests.m; sourceTree = "<group>"; };
		0A47E67818393E9C004C14F9 /* AnswerTests.m */ = {isa = PBXFileReference; fileEncoding = 4; lastKnownFileType = sourcecode.c.objc; path = AnswerTests.m; sourceTree = "<group>"; };
		0A47E67A18393F39004C14F9 /* Answer.h */ = {isa = PBXFileReference; fileEncoding = 4; lastKnownFileType = sourcecode.c.h; path = Answer.h; sourceTree = "<group>"; };
		0A47E67B18393F39004C14F9 /* Answer.m */ = {isa = PBXFileReference; fileEncoding = 4; lastKnownFileType = sourcecode.c.objc; path = Answer.m; sourceTree = "<group>"; };
		0A5A643B18352924005F7C8F /* BrowseOverflow.app */ = {isa = PBXFileReference; explicitFileType = wrapper.application; includeInIndex = 0; path = BrowseOverflow.app; sourceTree = BUILT_PRODUCTS_DIR; };
		0A5A643E18352924005F7C8F /* Foundation.framework */ = {isa = PBXFileReference; lastKnownFileType = wrapper.framework; name = Foundation.framework; path = System/Library/Frameworks/Foundation.framework; sourceTree = SDKROOT; };
		0A5A644018352924005F7C8F /* CoreGraphics.framework */ = {isa = PBXFileReference; lastKnownFileType = wrapper.framework; name = CoreGraphics.framework; path = System/Library/Frameworks/CoreGraphics.framework; sourceTree = SDKROOT; };
		0A5A644218352924005F7C8F /* UIKit.framework */ = {isa = PBXFileReference; lastKnownFileType = wrapper.framework; name = UIKit.framework; path = System/Library/Frameworks/UIKit.framework; sourceTree = SDKROOT; };
		0A5A644618352924005F7C8F /* BrowseOverflow-Info.plist */ = {isa = PBXFileReference; lastKnownFileType = text.plist.xml; path = "BrowseOverflow-Info.plist"; sourceTree = "<group>"; };
		0A5A644818352924005F7C8F /* en */ = {isa = PBXFileReference; lastKnownFileType = text.plist.strings; name = en; path = en.lproj/InfoPlist.strings; sourceTree = "<group>"; };
		0A5A644A18352924005F7C8F /* main.m */ = {isa = PBXFileReference; lastKnownFileType = sourcecode.c.objc; path = main.m; sourceTree = "<group>"; };
		0A5A644C18352924005F7C8F /* BrowseOverflow-Prefix.pch */ = {isa = PBXFileReference; lastKnownFileType = sourcecode.c.h; path = "BrowseOverflow-Prefix.pch"; sourceTree = "<group>"; };
		0A5A644D18352924005F7C8F /* AppDelegate.h */ = {isa = PBXFileReference; lastKnownFileType = sourcecode.c.h; path = AppDelegate.h; sourceTree = "<group>"; };
		0A5A644E18352924005F7C8F /* AppDelegate.m */ = {isa = PBXFileReference; lastKnownFileType = sourcecode.c.objc; path = AppDelegate.m; sourceTree = "<group>"; };
		0A5A645118352924005F7C8F /* Base */ = {isa = PBXFileReference; lastKnownFileType = file.storyboard; name = Base; path = Base.lproj/Main.storyboard; sourceTree = "<group>"; };
		0A5A645318352924005F7C8F /* MasterViewController.h */ = {isa = PBXFileReference; lastKnownFileType = sourcecode.c.h; path = MasterViewController.h; sourceTree = "<group>"; };
		0A5A645418352924005F7C8F /* MasterViewController.m */ = {isa = PBXFileReference; lastKnownFileType = sourcecode.c.objc; path = MasterViewController.m; sourceTree = "<group>"; };
		0A5A645618352924005F7C8F /* DetailViewController.h */ = {isa = PBXFileReference; lastKnownFileType = sourcecode.c.h; path = DetailViewController.h; sourceTree = "<group>"; };
		0A5A645718352924005F7C8F /* DetailViewController.m */ = {isa = PBXFileReference; lastKnownFileType = sourcecode.c.objc; path = DetailViewController.m; sourceTree = "<group>"; };
		0A5A645918352924005F7C8F /* Images.xcassets */ = {isa = PBXFileReference; lastKnownFileType = folder.assetcatalog; path = Images.xcassets; sourceTree = "<group>"; };
		0A5A645F18352924005F7C8F /* BrowseOverflowTests.xctest */ = {isa = PBXFileReference; explicitFileType = wrapper.cfbundle; includeInIndex = 0; path = BrowseOverflowTests.xctest; sourceTree = BUILT_PRODUCTS_DIR; };
		0A5A646018352924005F7C8F /* XCTest.framework */ = {isa = PBXFileReference; lastKnownFileType = wrapper.framework; name = XCTest.framework; path = Library/Frameworks/XCTest.framework; sourceTree = DEVELOPER_DIR; };
		0A5A646818352924005F7C8F /* BrowseOverflowTests-Info.plist */ = {isa = PBXFileReference; lastKnownFileType = text.plist.xml; path = "BrowseOverflowTests-Info.plist"; sourceTree = "<group>"; };
		0A5A646A18352924005F7C8F /* en */ = {isa = PBXFileReference; lastKnownFileType = text.plist.strings; name = en; path = en.lproj/InfoPlist.strings; sourceTree = "<group>"; };
		0A5A647618355266005F7C8F /* TopicTests.m */ = {isa = PBXFileReference; fileEncoding = 4; lastKnownFileType = sourcecode.c.objc; path = TopicTests.m; sourceTree = "<group>"; };
		0A5A6478183552DF005F7C8F /* Topic.h */ = {isa = PBXFileReference; fileEncoding = 4; lastKnownFileType = sourcecode.c.h; path = Topic.h; sourceTree = "<group>"; };
		0A5A6479183552DF005F7C8F /* Topic.m */ = {isa = PBXFileReference; fileEncoding = 4; lastKnownFileType = sourcecode.c.objc; path = Topic.m; sourceTree = "<group>"; };
		0A5A647C18355994005F7C8F /* QuestionTests.m */ = {isa = PBXFileReference; fileEncoding = 4; lastKnownFileType = sourcecode.c.objc; path = QuestionTests.m; sourceTree = "<group>"; };
		0A5A647E18355A01005F7C8F /* Question.h */ = {isa = PBXFileReference; fileEncoding = 4; lastKnownFileType = sourcecode.c.h; path = Question.h; sourceTree = "<group>"; };
		0A5A647F18355A01005F7C8F /* Question.m */ = {isa = PBXFileReference; fileEncoding = 4; lastKnownFileType = sourcecode.c.objc; path = Question.m; sourceTree = "<group>"; };
		0A5A648218356149005F7C8F /* PersonTests.m */ = {isa = PBXFileReference; fileEncoding = 4; lastKnownFileType = sourcecode.c.objc; path = PersonTests.m; sourceTree = "<group>"; };
		0A5A648418356262005F7C8F /* Person.h */ = {isa = PBXFileReference; fileEncoding = 4; lastKnownFileType = sourcecode.c.h; path = Person.h; sourceTree = "<group>"; };
		0A5A648518356262005F7C8F /* Person.m */ = {isa = PBXFileReference; fileEncoding = 4; lastKnownFileType = sourcecode.c.objc; path = Person.m; sourceTree = "<group>"; };
		0A7E7F491877ECDD00C37BDA /* EmptyTableViewDataSource.h */ = {isa = PBXFileReference; fileEncoding = 4; lastKnownFileType = sourcecode.c.h; path = EmptyTableViewDataSource.h; sourceTree = "<group>"; };
		0A7E7F4A1877ECDD00C37BDA /* EmptyTableViewDataSource.m */ = {isa = PBXFileReference; fileEncoding = 4; lastKnownFileType = sourcecode.c.objc; path = EmptyTableViewDataSource.m; sourceTree = "<group>"; };
		0A7E7F4C1877ED4E00C37BDA /* EmptyTableViewDelegate.h */ = {isa = PBXFileReference; fileEncoding = 4; lastKnownFileType = sourcecode.c.h; path = EmptyTableViewDelegate.h; sourceTree = "<group>"; };
		0A7E7F4D1877ED4E00C37BDA /* EmptyTableViewDelegate.m */ = {isa = PBXFileReference; fileEncoding = 4; lastKnownFileType = sourcecode.c.objc; path = EmptyTableViewDelegate.m; sourceTree = "<group>"; };
		0AAD0B8F183DD162000D6EFE /* QuestionCreationWorkflowTests.m */ = {isa = PBXFileReference; fileEncoding = 4; lastKnownFileType = sourcecode.c.objc; path = QuestionCreationWorkflowTests.m; sourceTree = "<group>"; };
		0AAD0B91183DD1CD000D6EFE /* StackOverflowManager.h */ = {isa = PBXFileReference; fileEncoding = 4; lastKnownFileType = sourcecode.c.h; path = StackOverflowManager.h; sourceTree = "<group>"; };
		0AAD0B92183DD1CD000D6EFE /* StackOverflowManager.m */ = {isa = PBXFileReference; fileEncoding = 4; lastKnownFileType = sourcecode.c.objc; path = StackOverflowManager.m; sourceTree = "<group>"; };
		0AF4014D18540E14004DAE68 /* QuestionBuilderTests.m */ = {isa = PBXFileReference; fileEncoding = 4; lastKnownFileType = sourcecode.c.objc; path = QuestionBuilderTests.m; sourceTree = "<group>"; };
		0AF8548718668D4C006DB573 /* FakeAnswerBuilder.h */ = {isa = PBXFileReference; fileEncoding = 4; lastKnownFileType = sourcecode.c.h; path = FakeAnswerBuilder.h; sourceTree = "<group>"; };
		0AF8548818668D4C006DB573 /* FakeAnswerBuilder.m */ = {isa = PBXFileReference; fileEncoding = 4; lastKnownFileType = sourcecode.c.objc; path = FakeAnswerBuilder.m; sourceTree = "<group>"; };
/* End PBXFileReference section */

/* Begin PBXFrameworksBuildPhase section */
		0A5A643818352924005F7C8F /* Frameworks */ = {
			isa = PBXFrameworksBuildPhase;
			buildActionMask = 2147483647;
			files = (
				0A5A644118352924005F7C8F /* CoreGraphics.framework in Frameworks */,
				0A5A644318352924005F7C8F /* UIKit.framework in Frameworks */,
				0A5A643F18352924005F7C8F /* Foundation.framework in Frameworks */,
			);
			runOnlyForDeploymentPostprocessing = 0;
		};
		0A5A645C18352924005F7C8F /* Frameworks */ = {
			isa = PBXFrameworksBuildPhase;
			buildActionMask = 2147483647;
			files = (
				0A5A646118352924005F7C8F /* XCTest.framework in Frameworks */,
				0A5A646318352924005F7C8F /* UIKit.framework in Frameworks */,
				0A5A646218352924005F7C8F /* Foundation.framework in Frameworks */,
			);
			runOnlyForDeploymentPostprocessing = 0;
		};
/* End PBXFrameworksBuildPhase section */

/* Begin PBXGroup section */
		0A096590184AF218000F4635 /* Mock Classes */ = {
			isa = PBXGroup;
			children = (
				0A2D35F2186ABC07008616D0 /* InspectableStackOverflowCommunicator.h */,
				0A2D35F3186ABC07008616D0 /* InspectableStackOverflowCommunicator.m */,
				0A135127186F62D700D64451 /* NonNetworkedStackOverflowCommunicator.h */,
				0A135128186F62D700D64451 /* NonNetworkedStackOverflowCommunicator.m */,
				0A09658D184AB4E1000F4635 /* FakeQuestionBuilder.h */,
				0A09658E184AB4E1000F4635 /* FakeQuestionBuilder.m */,
				0AF8548718668D4C006DB573 /* FakeAnswerBuilder.h */,
				0AF8548818668D4C006DB573 /* FakeAnswerBuilder.m */,
				0A090EAC1862D5CF006D69D2 /* MockStackOverflowManagerDelegate.h */,
				0A090EAD1862D5CF006D69D2 /* MockStackOverflowManagerDelegate.m */,
				0A13512D186F74BE00D64451 /* FakeURLResponse.h */,
				0A13512E186F74BE00D64451 /* FakeURLResponse.m */,
				0A090EAF1862D62F006D69D2 /* MockCommunicator.h */,
				0A090EB01862D62F006D69D2 /* MockCommunicator.m */,
				0A13512A186F66C000D64451 /* MockStackOverflowManager.h */,
				0A13512B186F66C000D64451 /* MockStackOverflowManager.m */,
				0A7E7F491877ECDD00C37BDA /* EmptyTableViewDataSource.h */,
				0A7E7F4A1877ECDD00C37BDA /* EmptyTableViewDataSource.m */,
				0A7E7F4C1877ED4E00C37BDA /* EmptyTableViewDelegate.h */,
				0A7E7F4D1877ED4E00C37BDA /* EmptyTableViewDelegate.m */,
			);
			name = "Mock Classes";
			sourceTree = "<group>";
		};
		0A47E67E18393F42004C14F9 /* Headers */ = {
			isa = PBXGroup;
			children = (
				0A47E67A18393F39004C14F9 /* Answer.h */,
				0A5A648418356262005F7C8F /* Person.h */,
				0A5A647E18355A01005F7C8F /* Question.h */,
				0A5A6478183552DF005F7C8F /* Topic.h */,
			);
			name = Headers;
			sourceTree = "<group>";
		};
		0A5A643218352924005F7C8F = {
			isa = PBXGroup;
			children = (
				0A5A644418352924005F7C8F /* BrowseOverflow */,
				0A5A646618352924005F7C8F /* BrowseOverflowTests */,
				0A5A643D18352924005F7C8F /* Frameworks */,
				0A5A643C18352924005F7C8F /* Products */,
			);
			sourceTree = "<group>";
		};
		0A5A643C18352924005F7C8F /* Products */ = {
			isa = PBXGroup;
			children = (
				0A5A643B18352924005F7C8F /* BrowseOverflow.app */,
				0A5A645F18352924005F7C8F /* BrowseOverflowTests.xctest */,
			);
			name = Products;
			sourceTree = "<group>";
		};
		0A5A643D18352924005F7C8F /* Frameworks */ = {
			isa = PBXGroup;
			children = (
				0A5A643E18352924005F7C8F /* Foundation.framework */,
				0A5A644018352924005F7C8F /* CoreGraphics.framework */,
				0A5A644218352924005F7C8F /* UIKit.framework */,
				0A5A646018352924005F7C8F /* XCTest.framework */,
			);
			name = Frameworks;
			sourceTree = "<group>";
		};
		0A5A644418352924005F7C8F /* BrowseOverflow */ = {
			isa = PBXGroup;
			children = (
				0A5A64881835626C005F7C8F /* Model */,
				0A5A644D18352924005F7C8F /* AppDelegate.h */,
				0A5A644E18352924005F7C8F /* AppDelegate.m */,
				0A5A645018352924005F7C8F /* Main.storyboard */,
				0A5A645318352924005F7C8F /* MasterViewController.h */,
				0A090EB21862D93C006D69D2 /* StackOverflowManagerDelegate.h */,
				0AAD0B91183DD1CD000D6EFE /* StackOverflowManager.h */,
				0AAD0B92183DD1CD000D6EFE /* StackOverflowManager.m */,
				0A135130186F823100D64451 /* StackOverflowCommunicatorDelegate.h */,
				0A0965851849C286000F4635 /* StackOverflowCommunicator.h */,
				0A0965861849C286000F4635 /* StackOverflowCommunicator.m */,
				0A5A645418352924005F7C8F /* MasterViewController.m */,
				0A5A645618352924005F7C8F /* DetailViewController.h */,
				0A5A645718352924005F7C8F /* DetailViewController.m */,
				0A096589184AB481000F4635 /* QuestionBuilder.h */,
				0A09658A184AB481000F4635 /* QuestionBuilder.m */,
				0A41219D185D94C100E51C40 /* AnswerBuilder.h */,
				0A41219E185D94C100E51C40 /* AnswerBuilder.m */,
				0A4121A0185D94D800E51C40 /* PersonBuilder.h */,
				0A4121A1185D94D800E51C40 /* PersonBuilder.m */,
				0A135133187157A300D64451 /* BrowseOverflowViewController.h */,
				0A135134187157A300D64451 /* BrowseOverflowViewController.m */,
				0A135135187157A300D64451 /* BrowseOverflowViewController.xib */,
				0A5A645918352924005F7C8F /* Images.xcassets */,
				0A5A644518352924005F7C8F /* Supporting Files */,
			);
			path = BrowseOverflow;
			sourceTree = "<group>";
		};
		0A5A644518352924005F7C8F /* Supporting Files */ = {
			isa = PBXGroup;
			children = (
				0A5A644618352924005F7C8F /* BrowseOverflow-Info.plist */,
				0A5A644718352924005F7C8F /* InfoPlist.strings */,
				0A5A644A18352924005F7C8F /* main.m */,
				0A5A644C18352924005F7C8F /* BrowseOverflow-Prefix.pch */,
			);
			name = "Supporting Files";
			sourceTree = "<group>";
		};
		0A5A646618352924005F7C8F /* BrowseOverflowTests */ = {
			isa = PBXGroup;
			children = (
				0A096590184AF218000F4635 /* Mock Classes */,
				0A5A647618355266005F7C8F /* TopicTests.m */,
				0A5A647C18355994005F7C8F /* QuestionTests.m */,
				0A5A648218356149005F7C8F /* PersonTests.m */,
				0AAD0B8F183DD162000D6EFE /* QuestionCreationWorkflowTests.m */,
				0A4121A3185D956200E51C40 /* AnswerCreationWorkflowTests.m */,
				0AF4014D18540E14004DAE68 /* QuestionBuilderTests.m */,
				0A2D35F0186AAFDE008616D0 /* StackOverflowCommunicatorTests.m */,
				0A090EB31862DF91006D69D2 /* AnswerBuilderTests.m */,
				0A47E67818393E9C004C14F9 /* AnswerTests.m */,
				0A1351311871577400D64451 /* BrowseOverflowViewControllerTests.m */,
				0A5A646718352924005F7C8F /* Supporting Files */,
			);
			path = BrowseOverflowTests;
			sourceTree = "<group>";
		};
		0A5A646718352924005F7C8F /* Supporting Files */ = {
			isa = PBXGroup;
			children = (
				0A5A646818352924005F7C8F /* BrowseOverflowTests-Info.plist */,
				0A5A646918352924005F7C8F /* InfoPlist.strings */,
			);
			name = "Supporting Files";
			sourceTree = "<group>";
		};
		0A5A64881835626C005F7C8F /* Model */ = {
			isa = PBXGroup;
			children = (
				0A47E67E18393F42004C14F9 /* Headers */,
				0A47E67B18393F39004C14F9 /* Answer.m */,
				0A5A648518356262005F7C8F /* Person.m */,
				0A5A647F18355A01005F7C8F /* Question.m */,
				0A5A6479183552DF005F7C8F /* Topic.m */,
			);
			name = Model;
			sourceTree = "<group>";
		};
/* End PBXGroup section */

/* Begin PBXNativeTarget section */
		0A5A643A18352924005F7C8F /* BrowseOverflow */ = {
			isa = PBXNativeTarget;
			buildConfigurationList = 0A5A647018352924005F7C8F /* Build configuration list for PBXNativeTarget "BrowseOverflow" */;
			buildPhases = (
				0A5A643718352924005F7C8F /* Sources */,
				0A5A643818352924005F7C8F /* Frameworks */,
				0A5A643918352924005F7C8F /* Resources */,
			);
			buildRules = (
			);
			dependencies = (
			);
			name = BrowseOverflow;
			productName = BrowseOverflow;
			productReference = 0A5A643B18352924005F7C8F /* BrowseOverflow.app */;
			productType = "com.apple.product-type.application";
		};
		0A5A645E18352924005F7C8F /* BrowseOverflowTests */ = {
			isa = PBXNativeTarget;
			buildConfigurationList = 0A5A647318352924005F7C8F /* Build configuration list for PBXNativeTarget "BrowseOverflowTests" */;
			buildPhases = (
				0A5A645B18352924005F7C8F /* Sources */,
				0A5A645C18352924005F7C8F /* Frameworks */,
				0A5A645D18352924005F7C8F /* Resources */,
			);
			buildRules = (
			);
			dependencies = (
				0A5A646518352924005F7C8F /* PBXTargetDependency */,
			);
			name = BrowseOverflowTests;
			productName = BrowseOverflowTests;
			productReference = 0A5A645F18352924005F7C8F /* BrowseOverflowTests.xctest */;
			productType = "com.apple.product-type.bundle.unit-test";
		};
/* End PBXNativeTarget section */

/* Begin PBXProject section */
		0A5A643318352924005F7C8F /* Project object */ = {
			isa = PBXProject;
			attributes = {
				LastUpgradeCheck = 0500;
				ORGANIZATIONNAME = "Aggrey Jacobs";
				TargetAttributes = {
					0A5A645E18352924005F7C8F = {
						TestTargetID = 0A5A643A18352924005F7C8F;
					};
				};
			};
			buildConfigurationList = 0A5A643618352924005F7C8F /* Build configuration list for PBXProject "BrowseOverflow" */;
			compatibilityVersion = "Xcode 3.2";
			developmentRegion = English;
			hasScannedForEncodings = 0;
			knownRegions = (
				en,
				Base,
			);
			mainGroup = 0A5A643218352924005F7C8F;
			productRefGroup = 0A5A643C18352924005F7C8F /* Products */;
			projectDirPath = "";
			projectRoot = "";
			targets = (
				0A5A643A18352924005F7C8F /* BrowseOverflow */,
				0A5A645E18352924005F7C8F /* BrowseOverflowTests */,
			);
		};
/* End PBXProject section */

/* Begin PBXResourcesBuildPhase section */
		0A5A643918352924005F7C8F /* Resources */ = {
			isa = PBXResourcesBuildPhase;
			buildActionMask = 2147483647;
			files = (
				0A135137187157A300D64451 /* BrowseOverflowViewController.xib in Resources */,
				0A5A645A18352924005F7C8F /* Images.xcassets in Resources */,
				0A5A644918352924005F7C8F /* InfoPlist.strings in Resources */,
				0A5A645218352924005F7C8F /* Main.storyboard in Resources */,
			);
			runOnlyForDeploymentPostprocessing = 0;
		};
		0A5A645D18352924005F7C8F /* Resources */ = {
			isa = PBXResourcesBuildPhase;
			buildActionMask = 2147483647;
			files = (
				0A5A646B18352924005F7C8F /* InfoPlist.strings in Resources */,
			);
			runOnlyForDeploymentPostprocessing = 0;
		};
/* End PBXResourcesBuildPhase section */

/* Begin PBXSourcesBuildPhase section */
		0A5A643718352924005F7C8F /* Sources */ = {
			isa = PBXSourcesBuildPhase;
			buildActionMask = 2147483647;
			files = (
				0A09658B184AB481000F4635 /* QuestionBuilder.m in Sources */,
				0A5A644F18352924005F7C8F /* AppDelegate.m in Sources */,
				0A135136187157A300D64451 /* BrowseOverflowViewController.m in Sources */,
				0A5A645518352924005F7C8F /* MasterViewController.m in Sources */,
				0A5A648618356262005F7C8F /* Person.m in Sources */,
				0A0965871849C286000F4635 /* StackOverflowCommunicator.m in Sources */,
				0A41219F185D94C100E51C40 /* AnswerBuilder.m in Sources */,
				0A4121A2185D94D800E51C40 /* PersonBuilder.m in Sources */,
				0A47E67C18393F39004C14F9 /* Answer.m in Sources */,
				0A5A644B18352924005F7C8F /* main.m in Sources */,
				0A5A648018355A01005F7C8F /* Question.m in Sources */,
				0A5A647A183552DF005F7C8F /* Topic.m in Sources */,
				0AAD0B93183DD1CD000D6EFE /* StackOverflowManager.m in Sources */,
				0A5A645818352924005F7C8F /* DetailViewController.m in Sources */,
			);
			runOnlyForDeploymentPostprocessing = 0;
		};
		0A5A645B18352924005F7C8F /* Sources */ = {
			isa = PBXSourcesBuildPhase;
			buildActionMask = 2147483647;
			files = (
				0A0965881849C286000F4635 /* StackOverflowCommunicator.m in Sources */,
				0A47E67918393E9C004C14F9 /* AnswerTests.m in Sources */,
				0AF8548918668D4C006DB573 /* FakeAnswerBuilder.m in Sources */,
				0A4121A4185D956200E51C40 /* AnswerCreationWorkflowTests.m in Sources */,
				0A7E7F4E1877ED4E00C37BDA /* EmptyTableViewDelegate.m in Sources */,
				0A7E7F4B1877ECDD00C37BDA /* EmptyTableViewDataSource.m in Sources */,
				0A090EAE1862D5CF006D69D2 /* MockStackOverflowManagerDelegate.m in Sources */,
				0A09658F184AB4E1000F4635 /* FakeQuestionBuilder.m in Sources */,
				0A13512C186F66C000D64451 /* MockStackOverflowManager.m in Sources */,
				0A5A648718356262005F7C8F /* Person.m in Sources */,
				0A5A647718355266005F7C8F /* TopicTests.m in Sources */,
				0A090EB41862DF91006D69D2 /* AnswerBuilderTests.m in Sources */,
				0A47E67D18393F39004C14F9 /* Answer.m in Sources */,
				0A2D35F4186ABC07008616D0 /* InspectableStackOverflowCommunicator.m in Sources */,
				0A5A648118355A01005F7C8F /* Question.m in Sources */,
				0A5A647D18355994005F7C8F /* QuestionTests.m in Sources */,
				0A09658C184AB481000F4635 /* QuestionBuilder.m in Sources */,
				0AAD0B94183DD1CD000D6EFE /* StackOverflowManager.m in Sources */,
				0AAD0B90183DD162000D6EFE /* QuestionCreationWorkflowTests.m in Sources */,
				0A090EB11862D62F006D69D2 /* MockCommunicator.m in Sources */,
				0A135129186F62D700D64451 /* NonNetworkedStackOverflowCommunicator.m in Sources */,
				0A5A647B183552DF005F7C8F /* Topic.m in Sources */,
				0A5A648318356149005F7C8F /* PersonTests.m in Sources */,
				0A13512F186F74BE00D64451 /* FakeURLResponse.m in Sources */,
				0A2D35F1186AAFDE008616D0 /* StackOverflowCommunicatorTests.m in Sources */,
				0AF4014E18540E14004DAE68 /* QuestionBuilderTests.m in Sources */,
				0A1351321871577400D64451 /* BrowseOverflowViewControllerTests.m in Sources */,
			);
			runOnlyForDeploymentPostprocessing = 0;
		};
/* End PBXSourcesBuildPhase section */

/* Begin PBXTargetDependency section */
		0A5A646518352924005F7C8F /* PBXTargetDependency */ = {
			isa = PBXTargetDependency;
			target = 0A5A643A18352924005F7C8F /* BrowseOverflow */;
			targetProxy = 0A5A646418352924005F7C8F /* PBXContainerItemProxy */;
		};
/* End PBXTargetDependency section */

/* Begin PBXVariantGroup section */
		0A5A644718352924005F7C8F /* InfoPlist.strings */ = {
			isa = PBXVariantGroup;
			children = (
				0A5A644818352924005F7C8F /* en */,
			);
			name = InfoPlist.strings;
			sourceTree = "<group>";
		};
		0A5A645018352924005F7C8F /* Main.storyboard */ = {
			isa = PBXVariantGroup;
			children = (
				0A5A645118352924005F7C8F /* Base */,
			);
			name = Main.storyboard;
			sourceTree = "<group>";
		};
		0A5A646918352924005F7C8F /* InfoPlist.strings */ = {
			isa = PBXVariantGroup;
			children = (
				0A5A646A18352924005F7C8F /* en */,
			);
			name = InfoPlist.strings;
			sourceTree = "<group>";
		};
/* End PBXVariantGroup section */

/* Begin XCBuildConfiguration section */
		0A5A646E18352924005F7C8F /* Debug */ = {
			isa = XCBuildConfiguration;
			buildSettings = {
				ALWAYS_SEARCH_USER_PATHS = NO;
				ARCHS = "$(ARCHS_STANDARD_INCLUDING_64_BIT)";
				CLANG_CXX_LANGUAGE_STANDARD = "gnu++0x";
				CLANG_CXX_LIBRARY = "libc++";
				CLANG_ENABLE_MODULES = YES;
				CLANG_ENABLE_OBJC_ARC = YES;
				CLANG_WARN_BOOL_CONVERSION = YES;
				CLANG_WARN_CONSTANT_CONVERSION = YES;
				CLANG_WARN_DIRECT_OBJC_ISA_USAGE = YES_ERROR;
				CLANG_WARN_EMPTY_BODY = YES;
				CLANG_WARN_ENUM_CONVERSION = YES;
				CLANG_WARN_INT_CONVERSION = YES;
				CLANG_WARN_OBJC_ROOT_CLASS = YES_ERROR;
				CLANG_WARN__DUPLICATE_METHOD_MATCH = YES;
				"CODE_SIGN_IDENTITY[sdk=iphoneos*]" = "iPhone Developer";
				COPY_PHASE_STRIP = NO;
				GCC_C_LANGUAGE_STANDARD = gnu99;
				GCC_DYNAMIC_NO_PIC = NO;
				GCC_OPTIMIZATION_LEVEL = 0;
				GCC_PREPROCESSOR_DEFINITIONS = (
					"DEBUG=1",
					"$(inherited)",
				);
				GCC_SYMBOLS_PRIVATE_EXTERN = NO;
				GCC_WARN_64_TO_32_BIT_CONVERSION = YES;
				GCC_WARN_ABOUT_RETURN_TYPE = YES_ERROR;
				GCC_WARN_UNDECLARED_SELECTOR = YES;
				GCC_WARN_UNINITIALIZED_AUTOS = YES;
				GCC_WARN_UNUSED_FUNCTION = YES;
				GCC_WARN_UNUSED_VARIABLE = YES;
				IPHONEOS_DEPLOYMENT_TARGET = 7.0;
				ONLY_ACTIVE_ARCH = YES;
				SDKROOT = iphoneos;
			};
			name = Debug;
		};
		0A5A646F18352924005F7C8F /* Release */ = {
			isa = XCBuildConfiguration;
			buildSettings = {
				ALWAYS_SEARCH_USER_PATHS = NO;
				ARCHS = "$(ARCHS_STANDARD_INCLUDING_64_BIT)";
				CLANG_CXX_LANGUAGE_STANDARD = "gnu++0x";
				CLANG_CXX_LIBRARY = "libc++";
				CLANG_ENABLE_MODULES = YES;
				CLANG_ENABLE_OBJC_ARC = YES;
				CLANG_WARN_BOOL_CONVERSION = YES;
				CLANG_WARN_CONSTANT_CONVERSION = YES;
				CLANG_WARN_DIRECT_OBJC_ISA_USAGE = YES_ERROR;
				CLANG_WARN_EMPTY_BODY = YES;
				CLANG_WARN_ENUM_CONVERSION = YES;
				CLANG_WARN_INT_CONVERSION = YES;
				CLANG_WARN_OBJC_ROOT_CLASS = YES_ERROR;
				CLANG_WARN__DUPLICATE_METHOD_MATCH = YES;
				"CODE_SIGN_IDENTITY[sdk=iphoneos*]" = "iPhone Developer";
				COPY_PHASE_STRIP = YES;
				ENABLE_NS_ASSERTIONS = NO;
				GCC_C_LANGUAGE_STANDARD = gnu99;
				GCC_WARN_64_TO_32_BIT_CONVERSION = YES;
				GCC_WARN_ABOUT_RETURN_TYPE = YES_ERROR;
				GCC_WARN_UNDECLARED_SELECTOR = YES;
				GCC_WARN_UNINITIALIZED_AUTOS = YES;
				GCC_WARN_UNUSED_FUNCTION = YES;
				GCC_WARN_UNUSED_VARIABLE = YES;
				IPHONEOS_DEPLOYMENT_TARGET = 7.0;
				SDKROOT = iphoneos;
				VALIDATE_PRODUCT = YES;
			};
			name = Release;
		};
		0A5A647118352924005F7C8F /* Debug */ = {
			isa = XCBuildConfiguration;
			buildSettings = {
				ASSETCATALOG_COMPILER_APPICON_NAME = AppIcon;
				ASSETCATALOG_COMPILER_LAUNCHIMAGE_NAME = LaunchImage;
				GCC_PRECOMPILE_PREFIX_HEADER = YES;
				GCC_PREFIX_HEADER = "BrowseOverflow/BrowseOverflow-Prefix.pch";
				INFOPLIST_FILE = "BrowseOverflow/BrowseOverflow-Info.plist";
				PRODUCT_NAME = "$(TARGET_NAME)";
				WRAPPER_EXTENSION = app;
			};
			name = Debug;
		};
		0A5A647218352924005F7C8F /* Release */ = {
			isa = XCBuildConfiguration;
			buildSettings = {
				ASSETCATALOG_COMPILER_APPICON_NAME = AppIcon;
				ASSETCATALOG_COMPILER_LAUNCHIMAGE_NAME = LaunchImage;
				GCC_PRECOMPILE_PREFIX_HEADER = YES;
				GCC_PREFIX_HEADER = "BrowseOverflow/BrowseOverflow-Prefix.pch";
				INFOPLIST_FILE = "BrowseOverflow/BrowseOverflow-Info.plist";
				PRODUCT_NAME = "$(TARGET_NAME)";
				WRAPPER_EXTENSION = app;
			};
			name = Release;
		};
		0A5A647418352924005F7C8F /* Debug */ = {
			isa = XCBuildConfiguration;
			buildSettings = {
				ARCHS = "$(ARCHS_STANDARD_INCLUDING_64_BIT)";
				BUNDLE_LOADER = "$(BUILT_PRODUCTS_DIR)/BrowseOverflow.app/BrowseOverflow";
				FRAMEWORK_SEARCH_PATHS = (
					"$(SDKROOT)/Developer/Library/Frameworks",
					"$(inherited)",
					"$(DEVELOPER_FRAMEWORKS_DIR)",
				);
				GCC_PRECOMPILE_PREFIX_HEADER = YES;
				GCC_PREFIX_HEADER = "BrowseOverflow/BrowseOverflow-Prefix.pch";
				GCC_PREPROCESSOR_DEFINITIONS = (
					"DEBUG=1",
					"$(inherited)",
				);
				INFOPLIST_FILE = "BrowseOverflowTests/BrowseOverflowTests-Info.plist";
				PRODUCT_NAME = "$(TARGET_NAME)";
				TEST_HOST = "$(BUNDLE_LOADER)";
				WRAPPER_EXTENSION = xctest;
			};
			name = Debug;
		};
		0A5A647518352924005F7C8F /* Release */ = {
			isa = XCBuildConfiguration;
			buildSettings = {
				ARCHS = "$(ARCHS_STANDARD_INCLUDING_64_BIT)";
				BUNDLE_LOADER = "$(BUILT_PRODUCTS_DIR)/BrowseOverflow.app/BrowseOverflow";
				FRAMEWORK_SEARCH_PATHS = (
					"$(SDKROOT)/Developer/Library/Frameworks",
					"$(inherited)",
					"$(DEVELOPER_FRAMEWORKS_DIR)",
				);
				GCC_PRECOMPILE_PREFIX_HEADER = YES;
				GCC_PREFIX_HEADER = "BrowseOverflow/BrowseOverflow-Prefix.pch";
				INFOPLIST_FILE = "BrowseOverflowTests/BrowseOverflowTests-Info.plist";
				PRODUCT_NAME = "$(TARGET_NAME)";
				TEST_HOST = "$(BUNDLE_LOADER)";
				WRAPPER_EXTENSION = xctest;
			};
			name = Release;
		};
/* End XCBuildConfiguration section */

/* Begin XCConfigurationList section */
		0A5A643618352924005F7C8F /* Build configuration list for PBXProject "BrowseOverflow" */ = {
			isa = XCConfigurationList;
			buildConfigurations = (
				0A5A646E18352924005F7C8F /* Debug */,
				0A5A646F18352924005F7C8F /* Release */,
			);
			defaultConfigurationIsVisible = 0;
			defaultConfigurationName = Release;
		};
		0A5A647018352924005F7C8F /* Build configuration list for PBXNativeTarget "BrowseOverflow" */ = {
			isa = XCConfigurationList;
			buildConfigurations = (
				0A5A647118352924005F7C8F /* Debug */,
				0A5A647218352924005F7C8F /* Release */,
			);
			defaultConfigurationIsVisible = 0;
			defaultConfigurationName = Release;
		};
		0A5A647318352924005F7C8F /* Build configuration list for PBXNativeTarget "BrowseOverflowTests" */ = {
			isa = XCConfigurationList;
			buildConfigurations = (
				0A5A647418352924005F7C8F /* Debug */,
				0A5A647518352924005F7C8F /* Release */,
			);
			defaultConfigurationIsVisible = 0;
			defaultConfigurationName = Release;
		};
/* End XCConfigurationList section */
	};
	rootObject = 0A5A643318352924005F7C8F /* Project object */;
}
